// !$*UTF8*$!
{
	archiveVersion = 1;
	classes = {
	};
	objectVersion = 46;
	objects = {

/* Begin PBXBuildFile section */
		B213EFBA1BB1096700577E46 /* PBXEditor.h in Headers */ = {isa = PBXBuildFile; fileRef = B213EFB91BB1096700577E46 /* PBXEditor.h */; settings = {ATTRIBUTES = (Public, ); }; };
		B213EFC31BB109C700577E46 /* PBXObject.swift in Sources */ = {isa = PBXBuildFile; fileRef = B213EFC21BB109C700577E46 /* PBXObject.swift */; settings = {ASSET_TAGS = (); }; };
		B213EFC51BB123AA00577E46 /* PBXDictionary.swift in Sources */ = {isa = PBXBuildFile; fileRef = B213EFC41BB123AA00577E46 /* PBXDictionary.swift */; settings = {ASSET_TAGS = (); }; };
		B27CDFE01BB52912001C79FF /* PBXProject.swift in Sources */ = {isa = PBXBuildFile; fileRef = B27CDFDF1BB52912001C79FF /* PBXProject.swift */; settings = {ASSET_TAGS = (); }; };
		B27CDFE21BB539F1001C79FF /* XCConfigurationList.swift in Sources */ = {isa = PBXBuildFile; fileRef = B27CDFE11BB539F1001C79FF /* XCConfigurationList.swift */; settings = {ASSET_TAGS = (); }; };
		B27CDFE41BB542EF001C79FF /* XCPBXResolver.swift in Sources */ = {isa = PBXBuildFile; fileRef = B27CDFE31BB542EF001C79FF /* XCPBXResolver.swift */; settings = {ASSET_TAGS = (); }; };
		B27CDFE61BB54497001C79FF /* XCBuildConfiguration.swift in Sources */ = {isa = PBXBuildFile; fileRef = B27CDFE51BB54497001C79FF /* XCBuildConfiguration.swift */; settings = {ASSET_TAGS = (); }; };
		B2C852411BB2AB68009BC977 /* PBXParser.swift in Sources */ = {isa = PBXBuildFile; fileRef = B2C852401BB2AB68009BC977 /* PBXParser.swift */; settings = {ASSET_TAGS = (); }; };
		B2C852431BB2AE4E009BC977 /* PBXBuildPhase.swift in Sources */ = {isa = PBXBuildFile; fileRef = B2C852421BB2AE4E009BC977 /* PBXBuildPhase.swift */; settings = {ASSET_TAGS = (); }; };
		B2C852451BB2B619009BC977 /* PBXGroup.swift in Sources */ = {isa = PBXBuildFile; fileRef = B2C852441BB2B619009BC977 /* PBXGroup.swift */; settings = {ASSET_TAGS = (); }; };
		B2C852471BB2D323009BC977 /* PBXBuildFile.swift in Sources */ = {isa = PBXBuildFile; fileRef = B2C852461BB2D323009BC977 /* PBXBuildFile.swift */; settings = {ASSET_TAGS = (); }; };
		B2C852491BB2D4CB009BC977 /* PBXFileReference.swift in Sources */ = {isa = PBXBuildFile; fileRef = B2C852481BB2D4CB009BC977 /* PBXFileReference.swift */; settings = {ASSET_TAGS = (); }; };
/* End PBXBuildFile section */

/* Begin PBXFileReference section */
		B213EFB61BB1096700577E46 /* PBXEditor.framework */ = {isa = PBXFileReference; explicitFileType = wrapper.framework; includeInIndex = 0; path = PBXEditor.framework; sourceTree = BUILT_PRODUCTS_DIR; };
		B213EFB91BB1096700577E46 /* PBXEditor.h */ = {isa = PBXFileReference; lastKnownFileType = sourcecode.c.h; path = PBXEditor.h; sourceTree = "<group>"; };
		B213EFBB1BB1096700577E46 /* Info.plist */ = {isa = PBXFileReference; lastKnownFileType = text.plist.xml; path = Info.plist; sourceTree = "<group>"; };
		B213EFC11BB109C700577E46 /* TestPlayground.playground */ = {isa = PBXFileReference; lastKnownFileType = file.playground; path = TestPlayground.playground; sourceTree = "<group>"; };
		B213EFC21BB109C700577E46 /* PBXObject.swift */ = {isa = PBXFileReference; fileEncoding = 4; lastKnownFileType = sourcecode.swift; path = PBXObject.swift; sourceTree = "<group>"; };
		B213EFC41BB123AA00577E46 /* PBXDictionary.swift */ = {isa = PBXFileReference; fileEncoding = 4; lastKnownFileType = sourcecode.swift; path = PBXDictionary.swift; sourceTree = "<group>"; };
		B27CDFDF1BB52912001C79FF /* PBXProject.swift */ = {isa = PBXFileReference; fileEncoding = 4; lastKnownFileType = sourcecode.swift; path = PBXProject.swift; sourceTree = "<group>"; };
		B27CDFE11BB539F1001C79FF /* XCConfigurationList.swift */ = {isa = PBXFileReference; fileEncoding = 4; lastKnownFileType = sourcecode.swift; path = XCConfigurationList.swift; sourceTree = "<group>"; };
		B27CDFE31BB542EF001C79FF /* XCPBXResolver.swift */ = {isa = PBXFileReference; fileEncoding = 4; lastKnownFileType = sourcecode.swift; path = XCPBXResolver.swift; sourceTree = "<group>"; };
		B27CDFE51BB54497001C79FF /* XCBuildConfiguration.swift */ = {isa = PBXFileReference; fileEncoding = 4; lastKnownFileType = sourcecode.swift; path = XCBuildConfiguration.swift; sourceTree = "<group>"; };
		B2C852401BB2AB68009BC977 /* PBXParser.swift */ = {isa = PBXFileReference; fileEncoding = 4; lastKnownFileType = sourcecode.swift; path = PBXParser.swift; sourceTree = "<group>"; };
		B2C852421BB2AE4E009BC977 /* PBXBuildPhase.swift */ = {isa = PBXFileReference; fileEncoding = 4; lastKnownFileType = sourcecode.swift; path = PBXBuildPhase.swift; sourceTree = "<group>"; };
		B2C852441BB2B619009BC977 /* PBXGroup.swift */ = {isa = PBXFileReference; fileEncoding = 4; lastKnownFileType = sourcecode.swift; path = PBXGroup.swift; sourceTree = "<group>"; };
		B2C852461BB2D323009BC977 /* PBXBuildFile.swift */ = {isa = PBXFileReference; fileEncoding = 4; lastKnownFileType = sourcecode.swift; path = PBXBuildFile.swift; sourceTree = "<group>"; };
		B2C852481BB2D4CB009BC977 /* PBXFileReference.swift */ = {isa = PBXFileReference; fileEncoding = 4; lastKnownFileType = sourcecode.swift; path = PBXFileReference.swift; sourceTree = "<group>"; };
/* End PBXFileReference section */

/* Begin PBXFrameworksBuildPhase section */
		B213EFB21BB1096700577E46 /* Frameworks */ = {
			isa = PBXFrameworksBuildPhase;
			buildActionMask = 2147483647;
			files = (
			);
			runOnlyForDeploymentPostprocessing = 0;
		};
/* End PBXFrameworksBuildPhase section */

/* Begin PBXGroup section */
		B213EFAC1BB1096700577E46 = {
			isa = PBXGroup;
			children = (
				B213EFB81BB1096700577E46 /* PBXEditor */,
				B213EFB71BB1096700577E46 /* Products */,
			);
			sourceTree = "<group>";
		};
		B213EFB71BB1096700577E46 /* Products */ = {
			isa = PBXGroup;
			children = (
				B213EFB61BB1096700577E46 /* PBXEditor.framework */,
			);
			name = Products;
			sourceTree = "<group>";
		};
		B213EFB81BB1096700577E46 /* PBXEditor */ = {
			isa = PBXGroup;
			children = (
				B213EFC11BB109C700577E46 /* TestPlayground.playground */,
				B213EFB91BB1096700577E46 /* PBXEditor.h */,
				B213EFBB1BB1096700577E46 /* Info.plist */,
				B213EFC41BB123AA00577E46 /* PBXDictionary.swift */,
				B213EFC21BB109C700577E46 /* PBXObject.swift */,
				B2C852441BB2B619009BC977 /* PBXGroup.swift */,
				B2C852461BB2D323009BC977 /* PBXBuildFile.swift */,
				B2C852481BB2D4CB009BC977 /* PBXFileReference.swift */,
				B2C852421BB2AE4E009BC977 /* PBXBuildPhase.swift */,
				B27CDFDF1BB52912001C79FF /* PBXProject.swift */,
				B2C852401BB2AB68009BC977 /* PBXParser.swift */,
				B27CDFE11BB539F1001C79FF /* XCConfigurationList.swift */,
				B27CDFE31BB542EF001C79FF /* XCPBXResolver.swift */,
				B27CDFE51BB54497001C79FF /* XCBuildConfiguration.swift */,
			);
			path = PBXEditor;
			sourceTree = "<group>";
		};
/* End PBXGroup section */

/* Begin PBXHeadersBuildPhase section */
		B213EFB31BB1096700577E46 /* Headers */ = {
			isa = PBXHeadersBuildPhase;
			buildActionMask = 2147483647;
			files = (
				B213EFBA1BB1096700577E46 /* PBXEditor.h in Headers */,
			);
			runOnlyForDeploymentPostprocessing = 0;
		};
/* End PBXHeadersBuildPhase section */

/* Begin PBXNativeTarget section */
		B213EFB51BB1096700577E46 /* PBXEditor */ = {
			isa = PBXNativeTarget;
			buildConfigurationList = B213EFBE1BB1096700577E46 /* Build configuration list for PBXNativeTarget "PBXEditor" */;
			buildPhases = (
				B213EFB11BB1096700577E46 /* Sources */,
				B213EFB21BB1096700577E46 /* Frameworks */,
				B213EFB31BB1096700577E46 /* Headers */,
				B213EFB41BB1096700577E46 /* Resources */,
			);
			buildRules = (
			);
			dependencies = (
			);
			name = PBXEditor;
			productName = PBXEditor;
			productReference = B213EFB61BB1096700577E46 /* PBXEditor.framework */;
			productType = "com.apple.product-type.framework";
		};
/* End PBXNativeTarget section */

/* Begin PBXProject section */
		B213EFAD1BB1096700577E46 /* Project object */ = {
			isa = PBXProject;
			attributes = {
				LastSwiftUpdateCheck = 0700;
				LastUpgradeCheck = 0700;
				ORGANIZATIONNAME = jayden;
				TargetAttributes = {
					B213EFB51BB1096700577E46 = {
						CreatedOnToolsVersion = 7.0;
					};
				};
			};
			buildConfigurationList = B213EFB01BB1096700577E46 /* Build configuration list for PBXProject "PBXEditor" */;
			compatibilityVersion = "Xcode 3.2";
			developmentRegion = English;
			hasScannedForEncodings = 0;
			knownRegions = (
				en,
			);
			mainGroup = B213EFAC1BB1096700577E46;
			productRefGroup = B213EFB71BB1096700577E46 /* Products */;
			projectDirPath = "";
			projectRoot = "";
			targets = (
				B213EFB51BB1096700577E46 /* PBXEditor */,
			);
		};
/* End PBXProject section */

/* Begin PBXResourcesBuildPhase section */
		B213EFB41BB1096700577E46 /* Resources */ = {
			isa = PBXResourcesBuildPhase;
			buildActionMask = 2147483647;
			files = (
			);
			runOnlyForDeploymentPostprocessing = 0;
		};
/* End PBXResourcesBuildPhase section */

/* Begin PBXSourcesBuildPhase section */
		B213EFB11BB1096700577E46 /* Sources */ = {
			isa = PBXSourcesBuildPhase;
			buildActionMask = 2147483647;
			files = (
				B2C852451BB2B619009BC977 /* PBXGroup.swift in Sources */,
				B27CDFE41BB542EF001C79FF /* XCPBXResolver.swift in Sources */,
				B2C852471BB2D323009BC977 /* PBXBuildFile.swift in Sources */,
				B2C852491BB2D4CB009BC977 /* PBXFileReference.swift in Sources */,
				B2C852411BB2AB68009BC977 /* PBXParser.swift in Sources */,
				B27CDFE61BB54497001C79FF /* XCBuildConfiguration.swift in Sources */,
				B27CDFE01BB52912001C79FF /* PBXProject.swift in Sources */,
				B27CDFE21BB539F1001C79FF /* XCConfigurationList.swift in Sources */,
				B2C852431BB2AE4E009BC977 /* PBXBuildPhase.swift in Sources */,
				B213EFC51BB123AA00577E46 /* PBXDictionary.swift in Sources */,
				B213EFC31BB109C700577E46 /* PBXObject.swift in Sources */,
			);
			runOnlyForDeploymentPostprocessing = 0;
		};
/* End PBXSourcesBuildPhase section */

/* Begin XCBuildConfiguration section */
		B213EFBC1BB1096700577E46 /* Debug */ = {
			isa = XCBuildConfiguration;
			buildSettings = {
				ALWAYS_SEARCH_USER_PATHS = NO;
				CLANG_CXX_LANGUAGE_STANDARD = "gnu++0x";
				CLANG_CXX_LIBRARY = "libc++";
				CLANG_ENABLE_MODULES = YES;
				CLANG_ENABLE_OBJC_ARC = YES;
				CLANG_WARN_BOOL_CONVERSION = YES;
				CLANG_WARN_CONSTANT_CONVERSION = YES;
				CLANG_WARN_DIRECT_OBJC_ISA_USAGE = YES_ERROR;
				CLANG_WARN_EMPTY_BODY = YES;
				CLANG_WARN_ENUM_CONVERSION = YES;
				CLANG_WARN_INT_CONVERSION = YES;
				CLANG_WARN_OBJC_ROOT_CLASS = YES_ERROR;
				CLANG_WARN_UNREACHABLE_CODE = YES;
				CLANG_WARN__DUPLICATE_METHOD_MATCH = YES;
				COPY_PHASE_STRIP = NO;
				CURRENT_PROJECT_VERSION = 1;
				DEBUG_INFORMATION_FORMAT = dwarf;
				ENABLE_STRICT_OBJC_MSGSEND = YES;
				ENABLE_TESTABILITY = YES;
				GCC_C_LANGUAGE_STANDARD = gnu99;
				GCC_DYNAMIC_NO_PIC = NO;
				GCC_NO_COMMON_BLOCKS = YES;
				GCC_OPTIMIZATION_LEVEL = 0;
				GCC_PREPROCESSOR_DEFINITIONS = (
					"DEBUG=1",
					"$(inherited)",
				);
				GCC_WARN_64_TO_32_BIT_CONVERSION = YES;
				GCC_WARN_ABOUT_RETURN_TYPE = YES_ERROR;
				GCC_WARN_UNDECLARED_SELECTOR = YES;
				GCC_WARN_UNINITIALIZED_AUTOS = YES_AGGRESSIVE;
				GCC_WARN_UNUSED_FUNCTION = YES;
				GCC_WARN_UNUSED_VARIABLE = YES;
				MACOSX_DEPLOYMENT_TARGET = 10.11;
				MTL_ENABLE_DEBUG_INFO = YES;
				ONLY_ACTIVE_ARCH = YES;
				SDKROOT = macosx;
				SWIFT_OPTIMIZATION_LEVEL = "-Onone";
				VERSIONING_SYSTEM = "apple-generic";
				VERSION_INFO_PREFIX = "";
			};
			name = Debug;
		};
		B213EFBD1BB1096700577E46 /* Release */ = {
			isa = XCBuildConfiguration;
			buildSettings = {
				ALWAYS_SEARCH_USER_PATHS = NO;
				CLANG_CXX_LANGUAGE_STANDARD = "gnu++0x";
				CLANG_CXX_LIBRARY = "libc++";
				CLANG_ENABLE_MODULES = YES;
				CLANG_ENABLE_OBJC_ARC = YES;
				CLANG_WARN_BOOL_CONVERSION = YES;
				CLANG_WARN_CONSTANT_CONVERSION = YES;
				CLANG_WARN_DIRECT_OBJC_ISA_USAGE = YES_ERROR;
				CLANG_WARN_EMPTY_BODY = YES;
				CLANG_WARN_ENUM_CONVERSION = YES;
				CLANG_WARN_INT_CONVERSION = YES;
				CLANG_WARN_OBJC_ROOT_CLASS = YES_ERROR;
				CLANG_WARN_UNREACHABLE_CODE = YES;
				CLANG_WARN__DUPLICATE_METHOD_MATCH = YES;
				COPY_PHASE_STRIP = NO;
				CURRENT_PROJECT_VERSION = 1;
				DEBUG_INFORMATION_FORMAT = "dwarf-with-dsym";
				ENABLE_NS_ASSERTIONS = NO;
				ENABLE_STRICT_OBJC_MSGSEND = YES;
				GCC_C_LANGUAGE_STANDARD = gnu99;
				GCC_NO_COMMON_BLOCKS = YES;
				GCC_WARN_64_TO_32_BIT_CONVERSION = YES;
				GCC_WARN_ABOUT_RETURN_TYPE = YES_ERROR;
				GCC_WARN_UNDECLARED_SELECTOR = YES;
				GCC_WARN_UNINITIALIZED_AUTOS = YES_AGGRESSIVE;
				GCC_WARN_UNUSED_FUNCTION = YES;
				GCC_WARN_UNUSED_VARIABLE = YES;
				MACOSX_DEPLOYMENT_TARGET = 10.11;
				MTL_ENABLE_DEBUG_INFO = NO;
				SDKROOT = macosx;
				VERSIONING_SYSTEM = "apple-generic";
				VERSION_INFO_PREFIX = "";
			};
			name = Release;
		};
		B213EFBF1BB1096700577E46 /* Debug */ = {
			isa = XCBuildConfiguration;
			buildSettings = {
				CLANG_ENABLE_MODULES = YES;
				COMBINE_HIDPI_IMAGES = YES;
				DEFINES_MODULE = YES;
				DYLIB_COMPATIBILITY_VERSION = 1;
				DYLIB_CURRENT_VERSION = 1;
				DYLIB_INSTALL_NAME_BASE = "@rpath";
				FRAMEWORK_VERSION = A;
				INFOPLIST_FILE = PBXEditor/Info.plist;
				INSTALL_PATH = "$(LOCAL_LIBRARY_DIR)/Frameworks";
				LD_RUNPATH_SEARCH_PATHS = "$(inherited) @executable_path/../Frameworks @loader_path/Frameworks";
				PRODUCT_BUNDLE_IDENTIFIER = com.buxuxiao.jayden.PBXEditor;
				PRODUCT_NAME = "$(TARGET_NAME)";
				SKIP_INSTALL = YES;
				SWIFT_OPTIMIZATION_LEVEL = "-Onone";
			};
			name = Debug;
		};
		B213EFC01BB1096700577E46 /* Release */ = {
			isa = XCBuildConfiguration;
			buildSettings = {
				CLANG_ENABLE_MODULES = YES;
				COMBINE_HIDPI_IMAGES = YES;
				DEFINES_MODULE = YES;
				DYLIB_COMPATIBILITY_VERSION = 1;
				DYLIB_CURRENT_VERSION = 1;
				DYLIB_INSTALL_NAME_BASE = "@rpath";
				FRAMEWORK_VERSION = A;
				INFOPLIST_FILE = PBXEditor/Info.plist;
				INSTALL_PATH = "$(LOCAL_LIBRARY_DIR)/Frameworks";
				LD_RUNPATH_SEARCH_PATHS = "$(inherited) @executable_path/../Frameworks @loader_path/Frameworks";
				PRODUCT_BUNDLE_IDENTIFIER = com.buxuxiao.jayden.PBXEditor;
				PRODUCT_NAME = "$(TARGET_NAME)";
				SKIP_INSTALL = YES;
			};
			name = Release;
		};
/* End XCBuildConfiguration section */

/* Begin XCConfigurationList section */
		B213EFB01BB1096700577E46 /* Build configuration list for PBXProject "PBXEditor" */ = {
			isa = XCConfigurationList;
			buildConfigurations = (
				B213EFBC1BB1096700577E46 /* Debug */,
				B213EFBD1BB1096700577E46 /* Release */,
			);
			defaultConfigurationIsVisible = 0;
			defaultConfigurationName = Release;
		};
		B213EFBE1BB1096700577E46 /* Build configuration list for PBXNativeTarget "PBXEditor" */ = {
			isa = XCConfigurationList;
			buildConfigurations = (
				B213EFBF1BB1096700577E46 /* Debug */,
				B213EFC01BB1096700577E46 /* Release */,
			);
			defaultConfigurationIsVisible = 0;
			defaultConfigurationName = Release;
		};
/* End XCConfigurationList section */
	};
	rootObject = B213EFAD1BB1096700577E46 /* Project object */;
}
